# This file is autogenerated, do not edit; changes may be undone by the next 'dep ensure'.


[[projects]]
  name = "github.com/coreos/etcd"
  packages = ["auth/authpb","etcdserver/api/v3rpc/rpctypes","etcdserver/etcdserverpb","mvcc/mvccpb","pkg/pathutil","pkg/srv","pkg/types","version"]
  revision = "98d308426819d892e149fe45f6fd542464cb1f9d"
  version = "v3.3.13"

[[projects]]
  name = "github.com/coreos/go-semver"
  packages = ["semver"]
  revision = "e214231b295a8ea9479f11b70b35d5acf3556d9b"
  version = "v0.3.0"

[[projects]]
  name = "github.com/fsnotify/fsnotify"
  packages = ["."]
  revision = "c2828203cd70a50dcccfb2761f8b1f8ceef9a8e9"
  version = "v1.4.7"

[[projects]]
  name = "github.com/gogo/protobuf"
  packages = ["gogoproto","proto","protoc-gen-gogo/descriptor"]
  revision = "ba06b47c162d49f2af050fb4c75bcbc86a159d5c"
  version = "v1.2.1"

[[projects]]
  name = "github.com/golang/protobuf"
  packages = ["proto","ptypes","ptypes/any","ptypes/duration","ptypes/timestamp"]
  revision = "b5d812f8a3706043e23a9cd5babf2e5423744d30"
  version = "v1.3.1"

[[projects]]
  name = "github.com/google/uuid"
  packages = ["."]
  revision = "0cd6bf5da1e1c83f8b45653022c74f71af0538a4"
  version = "v1.1.1"

[[projects]]
  name = "github.com/hashicorp/hcl"
  packages = [".","hcl/ast","hcl/parser","hcl/printer","hcl/scanner","hcl/strconv","hcl/token","json/parser","json/scanner","json/token"]
  revision = "8cb6e5b959231cc1119e43259c4a608f9c51a241"
  version = "v1.0.0"

[[projects]]
  name = "github.com/inconshreveable/mousetrap"
  packages = ["."]
  revision = "76626ae9c91c4f2a10f34cad8ce83ea42c93bb75"
  version = "v1.0"

[[projects]]
  name = "github.com/json-iterator/go"
  packages = ["."]
  revision = "0ff49de124c6f76f8494e194af75bde0f1a49a29"
  version = "v1.1.6"

[[projects]]
  name = "github.com/magiconair/properties"
  packages = ["."]
  revision = "de8848e004dd33dc07a2947b3d76f618a7fc7ef1"
  version = "v1.8.1"

[[projects]]
  name = "github.com/mitchellh/mapstructure"
  packages = ["."]
  revision = "3536a929edddb9a5b34bd6861dc4a9647cb459fe"
  version = "v1.1.2"

[[projects]]
  name = "github.com/modern-go/concurrent"
  packages = ["."]
  revision = "bacd9c7ef1dd9b15be4a9909b8ac7a4e313eec94"
  version = "1.0.3"

[[projects]]
  name = "github.com/modern-go/reflect2"
  packages = ["."]
  revision = "4b7aa43c6742a2c18fdef89dd197aaae7dac7ccd"
  version = "1.0.1"

[[projects]]
  name = "github.com/nats-io/go-nats"
  packages = [".","encoders/builtin","util"]
  revision = "70fe06cee50d4b6f98248d9675fb55f2a3aa7228"
  version = "v1.7.2"

[[projects]]
  name = "github.com/nats-io/nkeys"
  packages = ["."]
  revision = "1546a3320a8f195a5b5c84aef8309377c2e411d5"
  version = "v0.0.2"

[[projects]]
  name = "github.com/nats-io/nuid"
  packages = ["."]
  revision = "4b96681fa6d28dd0ab5fe79bac63b3a493d9ee94"
  version = "v1.0.1"

[[projects]]
  name = "github.com/pelletier/go-toml"
  packages = ["."]
  revision = "728039f679cbcd4f6a54e080d2219a4c4928c546"
  version = "v1.4.0"

[[projects]]
  name = "github.com/spf13/afero"
  packages = [".","mem"]
  revision = "588a75ec4f32903aa5e39a2619ba6a4631e28424"
  version = "v1.2.2"

[[projects]]
  name = "github.com/spf13/cast"
  packages = ["."]
  revision = "8c9545af88b134710ab1cd196795e7f2388358d7"
  version = "v1.3.0"

[[projects]]
  name = "github.com/spf13/cobra"
  packages = ["."]
  revision = "ef82de70bb3f60c65fb8eebacbb2d122ef517385"
  version = "v0.0.3"

[[projects]]
  name = "github.com/spf13/jwalterweatherman"
  packages = ["."]
  revision = "94f6ae3ed3bceceafa716478c5fbf8d29ca601a1"
  version = "v1.1.0"

[[projects]]
  name = "github.com/spf13/pflag"
  packages = ["."]
  revision = "298182f68c66c05229eb03ac171abe6e309ee79a"
  version = "v1.0.3"

[[projects]]
  name = "github.com/spf13/viper"
  packages = ["."]
  revision = "9e56dacc08fbbf8c9ee2dbc717553c758ce42bc9"
  version = "v1.3.2"

[[projects]]
  name = "go.etcd.io/etcd"
  packages = ["client","clientv3"]
  revision = "98d308426819d892e149fe45f6fd542464cb1f9d"
  version = "v3.3.13"

[[projects]]
  branch = "master"
  name = "golang.org/x/crypto"
  packages = ["ed25519","ed25519/internal/edwards25519"]
  revision = "cbcb750295291b33242907a04be40e80801d0cfc"

[[projects]]
  branch = "master"
  name = "golang.org/x/net"
  packages = ["context","http/httpguts","http2","http2/hpack","idna","internal/timeseries","trace"]
  revision = "a4d6f7feada510cc50e69a37b484cb0fdc6b7876"

[[projects]]
  branch = "master"
  name = "golang.org/x/sys"
  packages = ["unix"]
  revision = "a5b02f93d862f065920dd6a40dddc66b60d0dec4"

[[projects]]
  name = "golang.org/x/text"
  packages = ["collate","collate/build","internal/colltab","internal/gen","internal/language","internal/language/compact","internal/tag","internal/triegen","internal/ucd","language","secure/bidirule","transform","unicode/bidi","unicode/cldr","unicode/norm","unicode/rangetable"]
  revision = "342b2e1fbaa52c93f31447ad2c6abc048c63e475"
  version = "v0.3.2"

[[projects]]
  branch = "master"
  name = "google.golang.org/genproto"
  packages = ["googleapis/rpc/status"]
  revision = "b515fa19cec88c32f305a962f34ae60068947aea"

[[projects]]
  name = "google.golang.org/grpc"
  packages = [".","balancer","balancer/base","balancer/roundrobin","binarylog/grpc_binarylog_v1","codes","connectivity","credentials","credentials/internal","encoding","encoding/proto","grpclog","health/grpc_health_v1","internal","internal/backoff","internal/balancerload","internal/binarylog","internal/channelz","internal/envconfig","internal/grpcrand","internal/grpcsync","internal/syscall","internal/transport","keepalive","metadata","naming","peer","resolver","resolver/dns","resolver/passthrough","stats","status","tap"]
  revision = "25c4f928eaa6d96443009bd842389fb4fa48664e"
  version = "v1.20.1"

[[projects]]
  name = "gopkg.in/yaml.v2"
  packages = ["."]
  revision = "51d6538a90f86fe93ac480b35f37b2be17fef232"
  version = "v2.2.2"

[solve-meta]
  analyzer-name = "dep"
  analyzer-version = 1
  inputs-digest = "6434d011b0d4a3eb7f38a6c8064da3dccb9db66e42930d59fb7c01fcceca8095"
  solver-name = "gps-cdcl"
  solver-version = 1
